
Microsoft Visual Studio Solution File, Format Version 12.00
# Visual Studio Version 17
VisualStudioVersion = 17.7.34202.233
MinimumVisualStudioVersion = 10.0.40219.1
Project("{FAE04EC0-301F-11D3-BF4B-00C04F79EFBC}") = "WebAutomation", "WebAutomation\WebAutomation.csproj", "{C4619F95-2398-4261-9C23-50D356AAF1EA}"
	ProjectSection(ProjectDependencies) = postProject
		{6EF56D48-B4A2-4739-B73A-82570476FFD7} = {6EF56D48-B4A2-4739-B73A-82570476FFD7}
		{ABEA33E2-EF53-41C4-B8DB-99925D313207} = {ABEA33E2-EF53-41C4-B8DB-99925D313207}
		{C3635D86-72CF-4E2D-AD60-ED3DC41A71A3} = {C3635D86-72CF-4E2D-AD60-ED3DC41A71A3}
	EndProjectSection
EndProject
Project("{FAE04EC0-301F-11D3-BF4B-00C04F79EFBC}") = "wpEventLog", "..\Libraries\wpEventLog\wpEventLog.csproj", "{ABEA33E2-EF53-41C4-B8DB-99925D313207}"
EndProject
Project("{FAE04EC0-301F-11D3-BF4B-00C04F79EFBC}") = "wpLicense", "..\Libraries\wpLicense\wpLicense.csproj", "{C3635D86-72CF-4E2D-AD60-ED3DC41A71A3}"
EndProject
Project("{2150E333-8FDC-42A3-9474-1A3956D46DE8}") = "Libraries", "Libraries", "{4066C64F-BCD6-44C9-9C37-F53FC758FF59}"
EndProject
Project("{FAE04EC0-301F-11D3-BF4B-00C04F79EFBC}") = "wpHelper", "..\Libraries\wpHelper\wpHelper.csproj", "{B4538F51-B1C8-4EC8-B654-E1A7C341AC3A}"
EndProject
Project("{FAE04EC0-301F-11D3-BF4B-00C04F79EFBC}") = "wpSamsungRemote", "..\Libraries\wpSamsungRemote\wpSamsungRemote.csproj", "{6EF56D48-B4A2-4739-B73A-82570476FFD7}"
EndProject
Global
	GlobalSection(SolutionConfigurationPlatforms) = preSolution
		Debug|Any CPU = Debug|Any CPU
		Debug|x64 = Debug|x64
		Debug|x86 = Debug|x86
		Release|Any CPU = Release|Any CPU
		Release|x64 = Release|x64
		Release|x86 = Release|x86
	EndGlobalSection
	GlobalSection(ProjectConfigurationPlatforms) = postSolution
		{C4619F95-2398-4261-9C23-50D356AAF1EA}.Debug|Any CPU.ActiveCfg = Debug|Any CPU
		{C4619F95-2398-4261-9C23-50D356AAF1EA}.Debug|Any CPU.Build.0 = Debug|Any CPU
		{C4619F95-2398-4261-9C23-50D356AAF1EA}.Debug|x64.ActiveCfg = Debug|x64
		{C4619F95-2398-4261-9C23-50D356AAF1EA}.Debug|x64.Build.0 = Debug|x64
		{C4619F95-2398-4261-9C23-50D356AAF1EA}.Debug|x86.ActiveCfg = Debug|x86
		{C4619F95-2398-4261-9C23-50D356AAF1EA}.Debug|x86.Build.0 = Debug|x86
		{C4619F95-2398-4261-9C23-50D356AAF1EA}.Release|Any CPU.ActiveCfg = Release|Any CPU
		{C4619F95-2398-4261-9C23-50D356AAF1EA}.Release|Any CPU.Build.0 = Release|Any CPU
		{C4619F95-2398-4261-9C23-50D356AAF1EA}.Release|x64.ActiveCfg = Release|x64
		{C4619F95-2398-4261-9C23-50D356AAF1EA}.Release|x64.Build.0 = Release|x64
		{C4619F95-2398-4261-9C23-50D356AAF1EA}.Release|x86.ActiveCfg = Release|x86
		{C4619F95-2398-4261-9C23-50D356AAF1EA}.Release|x86.Build.0 = Release|x86
		{ABEA33E2-EF53-41C4-B8DB-99925D313207}.Debug|Any CPU.ActiveCfg = Debug|Any CPU
		{ABEA33E2-EF53-41C4-B8DB-99925D313207}.Debug|Any CPU.Build.0 = Debug|Any CPU
		{ABEA33E2-EF53-41C4-B8DB-99925D313207}.Debug|x64.ActiveCfg = Debug|x64
		{ABEA33E2-EF53-41C4-B8DB-99925D313207}.Debug|x64.Build.0 = Debug|x64
		{ABEA33E2-EF53-41C4-B8DB-99925D313207}.Debug|x86.ActiveCfg = Debug|x86
		{ABEA33E2-EF53-41C4-B8DB-99925D313207}.Debug|x86.Build.0 = Debug|x86
		{ABEA33E2-EF53-41C4-B8DB-99925D313207}.Release|Any CPU.ActiveCfg = Release|Any CPU
		{ABEA33E2-EF53-41C4-B8DB-99925D313207}.Release|Any CPU.Build.0 = Release|Any CPU
		{ABEA33E2-EF53-41C4-B8DB-99925D313207}.Release|x64.ActiveCfg = Release|x64
		{ABEA33E2-EF53-41C4-B8DB-99925D313207}.Release|x64.Build.0 = Release|x64
		{ABEA33E2-EF53-41C4-B8DB-99925D313207}.Release|x86.ActiveCfg = Release|x86
		{ABEA33E2-EF53-41C4-B8DB-99925D313207}.Release|x86.Build.0 = Release|x86
		{C3635D86-72CF-4E2D-AD60-ED3DC41A71A3}.Debug|Any CPU.ActiveCfg = Debug|Any CPU
		{C3635D86-72CF-4E2D-AD60-ED3DC41A71A3}.Debug|Any CPU.Build.0 = Debug|Any CPU
		{C3635D86-72CF-4E2D-AD60-ED3DC41A71A3}.Debug|x64.ActiveCfg = Debug|x64
		{C3635D86-72CF-4E2D-AD60-ED3DC41A71A3}.Debug|x64.Build.0 = Debug|x64
		{C3635D86-72CF-4E2D-AD60-ED3DC41A71A3}.Debug|x86.ActiveCfg = Debug|x86
		{C3635D86-72CF-4E2D-AD60-ED3DC41A71A3}.Debug|x86.Build.0 = Debug|x86
		{C3635D86-72CF-4E2D-AD60-ED3DC41A71A3}.Release|Any CPU.ActiveCfg = Release|Any CPU
		{C3635D86-72CF-4E2D-AD60-ED3DC41A71A3}.Release|Any CPU.Build.0 = Release|Any CPU
		{C3635D86-72CF-4E2D-AD60-ED3DC41A71A3}.Release|x64.ActiveCfg = Release|x64
		{C3635D86-72CF-4E2D-AD60-ED3DC41A71A3}.Release|x64.Build.0 = Release|x64
		{C3635D86-72CF-4E2D-AD60-ED3DC41A71A3}.Release|x86.ActiveCfg = Release|x86
		{C3635D86-72CF-4E2D-AD60-ED3DC41A71A3}.Release|x86.Build.0 = Release|x86
		{B4538F51-B1C8-4EC8-B654-E1A7C341AC3A}.Debug|Any CPU.ActiveCfg = Debug|Any CPU
		{B4538F51-B1C8-4EC8-B654-E1A7C341AC3A}.Debug|Any CPU.Build.0 = Debug|Any CPU
		{B4538F51-B1C8-4EC8-B654-E1A7C341AC3A}.Debug|x64.ActiveCfg = Debug|Any CPU
		{B4538F51-B1C8-4EC8-B654-E1A7C341AC3A}.Debug|x64.Build.0 = Debug|Any CPU
		{B4538F51-B1C8-4EC8-B654-E1A7C341AC3A}.Debug|x86.ActiveCfg = Debug|Any CPU
		{B4538F51-B1C8-4EC8-B654-E1A7C341AC3A}.Debug|x86.Build.0 = Debug|Any CPU
		{B4538F51-B1C8-4EC8-B654-E1A7C341AC3A}.Release|Any CPU.ActiveCfg = Release|Any CPU
		{B4538F51-B1C8-4EC8-B654-E1A7C341AC3A}.Release|Any CPU.Build.0 = Release|Any CPU
		{B4538F51-B1C8-4EC8-B654-E1A7C341AC3A}.Release|x64.ActiveCfg = Release|Any CPU
		{B4538F51-B1C8-4EC8-B654-E1A7C341AC3A}.Release|x64.Build.0 = Release|Any CPU
		{B4538F51-B1C8-4EC8-B654-E1A7C341AC3A}.Release|x86.ActiveCfg = Release|Any CPU
		{B4538F51-B1C8-4EC8-B654-E1A7C341AC3A}.Release|x86.Build.0 = Release|Any CPU
		{6EF56D48-B4A2-4739-B73A-82570476FFD7}.Debug|Any CPU.ActiveCfg = Debug|Any CPU
		{6EF56D48-B4A2-4739-B73A-82570476FFD7}.Debug|Any CPU.Build.0 = Debug|Any CPU
		{6EF56D48-B4A2-4739-B73A-82570476FFD7}.Debug|x64.ActiveCfg = Debug|Any CPU
		{6EF56D48-B4A2-4739-B73A-82570476FFD7}.Debug|x64.Build.0 = Debug|Any CPU
		{6EF56D48-B4A2-4739-B73A-82570476FFD7}.Debug|x86.ActiveCfg = Debug|Any CPU
		{6EF56D48-B4A2-4739-B73A-82570476FFD7}.Debug|x86.Build.0 = Debug|Any CPU
		{6EF56D48-B4A2-4739-B73A-82570476FFD7}.Release|Any CPU.ActiveCfg = Release|Any CPU
		{6EF56D48-B4A2-4739-B73A-82570476FFD7}.Release|Any CPU.Build.0 = Release|Any CPU
		{6EF56D48-B4A2-4739-B73A-82570476FFD7}.Release|x64.ActiveCfg = Release|Any CPU
		{6EF56D48-B4A2-4739-B73A-82570476FFD7}.Release|x64.Build.0 = Release|Any CPU
		{6EF56D48-B4A2-4739-B73A-82570476FFD7}.Release|x86.ActiveCfg = Release|Any CPU
		{6EF56D48-B4A2-4739-B73A-82570476FFD7}.Release|x86.Build.0 = Release|Any CPU
	EndGlobalSection
	GlobalSection(SolutionProperties) = preSolution
		HideSolutionNode = FALSE
	EndGlobalSection
	GlobalSection(NestedProjects) = preSolution
		{ABEA33E2-EF53-41C4-B8DB-99925D313207} = {4066C64F-BCD6-44C9-9C37-F53FC758FF59}
		{C3635D86-72CF-4E2D-AD60-ED3DC41A71A3} = {4066C64F-BCD6-44C9-9C37-F53FC758FF59}
		{B4538F51-B1C8-4EC8-B654-E1A7C341AC3A} = {4066C64F-BCD6-44C9-9C37-F53FC758FF59}
		{6EF56D48-B4A2-4739-B73A-82570476FFD7} = {4066C64F-BCD6-44C9-9C37-F53FC758FF59}
	EndGlobalSection
	GlobalSection(ExtensibilityGlobals) = postSolution
		SolutionGuid = {C344666B-FD9F-4E5D-9156-B3BFF791DA09}
	EndGlobalSection
EndGlobal
