
Microsoft Visual Studio Solution File, Format Version 12.00
# Visual Studio Version 17
VisualStudioVersion = 17.7.34202.233
MinimumVisualStudioVersion = 10.0.40219.1
Project("{FAE04EC0-301F-11D3-BF4B-00C04F79EFBC}") = "WebAutomation", "WebAutomation\WebAutomation.csproj", "{C4619F95-2398-4261-9C23-50D356AAF1EA}"
	ProjectSection(ProjectDependencies) = postProject
		{C3635D86-72CF-4E2D-AD60-ED3DC41A71A3} = {C3635D86-72CF-4E2D-AD60-ED3DC41A71A3}
		{ABEA33E2-EF53-41C4-B8DB-99925D313207} = {ABEA33E2-EF53-41C4-B8DB-99925D313207}
	EndProjectSection
EndProject
Project("{FAE04EC0-301F-11D3-BF4B-00C04F79EFBC}") = "wpEventLog", "..\wpEventLog\wpEventLog\wpEventLog.csproj", "{ABEA33E2-EF53-41C4-B8DB-99925D313207}"
EndProject
Project("{FAE04EC0-301F-11D3-BF4B-00C04F79EFBC}") = "wpLicense", "..\wpLicense\wpLicense\wpLicense.csproj", "{C3635D86-72CF-4E2D-AD60-ED3DC41A71A3}"
EndProject
Global
	GlobalSection(SolutionConfigurationPlatforms) = preSolution
		Debug|Any CPU = Debug|Any CPU
		Debug|x86 = Debug|x86
		Release|Any CPU = Release|Any CPU
		Release|x86 = Release|x86
	EndGlobalSection
	GlobalSection(ProjectConfigurationPlatforms) = postSolution
		{C4619F95-2398-4261-9C23-50D356AAF1EA}.Debug|Any CPU.ActiveCfg = Debug|x86
		{C4619F95-2398-4261-9C23-50D356AAF1EA}.Debug|Any CPU.Build.0 = Debug|x86
		{C4619F95-2398-4261-9C23-50D356AAF1EA}.Debug|x86.ActiveCfg = Debug|x86
		{C4619F95-2398-4261-9C23-50D356AAF1EA}.Debug|x86.Build.0 = Debug|x86
		{C4619F95-2398-4261-9C23-50D356AAF1EA}.Release|Any CPU.ActiveCfg = Release|x86
		{C4619F95-2398-4261-9C23-50D356AAF1EA}.Release|x86.ActiveCfg = Release|x86
		{C4619F95-2398-4261-9C23-50D356AAF1EA}.Release|x86.Build.0 = Release|x86
		{ABEA33E2-EF53-41C4-B8DB-99925D313207}.Debug|Any CPU.ActiveCfg = Debug|x86
		{ABEA33E2-EF53-41C4-B8DB-99925D313207}.Debug|Any CPU.Build.0 = Debug|x86
		{ABEA33E2-EF53-41C4-B8DB-99925D313207}.Debug|x86.ActiveCfg = Debug|x86
		{ABEA33E2-EF53-41C4-B8DB-99925D313207}.Debug|x86.Build.0 = Debug|x86
		{ABEA33E2-EF53-41C4-B8DB-99925D313207}.Release|Any CPU.ActiveCfg = Release|x86
		{ABEA33E2-EF53-41C4-B8DB-99925D313207}.Release|x86.ActiveCfg = Release|x86
		{ABEA33E2-EF53-41C4-B8DB-99925D313207}.Release|x86.Build.0 = Release|x86
		{C3635D86-72CF-4E2D-AD60-ED3DC41A71A3}.Debug|Any CPU.ActiveCfg = Debug|x86
		{C3635D86-72CF-4E2D-AD60-ED3DC41A71A3}.Debug|Any CPU.Build.0 = Debug|x86
		{C3635D86-72CF-4E2D-AD60-ED3DC41A71A3}.Debug|x86.ActiveCfg = Debug|x86
		{C3635D86-72CF-4E2D-AD60-ED3DC41A71A3}.Debug|x86.Build.0 = Debug|x86
		{C3635D86-72CF-4E2D-AD60-ED3DC41A71A3}.Release|Any CPU.ActiveCfg = Release|x86
		{C3635D86-72CF-4E2D-AD60-ED3DC41A71A3}.Release|x86.ActiveCfg = Release|x86
		{C3635D86-72CF-4E2D-AD60-ED3DC41A71A3}.Release|x86.Build.0 = Release|x86
	EndGlobalSection
	GlobalSection(SolutionProperties) = preSolution
		HideSolutionNode = FALSE
	EndGlobalSection
	GlobalSection(ExtensibilityGlobals) = postSolution
		SolutionGuid = {C344666B-FD9F-4E5D-9156-B3BFF791DA09}
	EndGlobalSection
EndGlobal
